// !$*UTF8*$!
{
	archiveVersion = 1;
	classes = {
	};
	objectVersion = 56;
	objects = {

/* Begin PBXBuildFile section */
		02728AF52CE7EBD000C4872C /* LoginController.swift in Sources */ = {isa = PBXBuildFile; fileRef = 02728AF42CE7EBD000C4872C /* LoginController.swift */; };
		028C69C72CE7A35600B6860A /* ReadFailedController.swift in Sources */ = {isa = PBXBuildFile; fileRef = 028C69C62CE7A35600B6860A /* ReadFailedController.swift */; };
		029054292CE73E040015BE5D /* Read1Controller.swift in Sources */ = {isa = PBXBuildFile; fileRef = 029054282CE73E040015BE5D /* Read1Controller.swift */; };
		0290542B2CE73E310015BE5D /* LogController.swift in Sources */ = {isa = PBXBuildFile; fileRef = 0290542A2CE73E310015BE5D /* LogController.swift */; };
		0290542D2CE73E8B0015BE5D /* TabController.swift in Sources */ = {isa = PBXBuildFile; fileRef = 0290542C2CE73E8B0015BE5D /* TabController.swift */; };
		0290542F2CE777E70015BE5D /* Read2Controller.swift in Sources */ = {isa = PBXBuildFile; fileRef = 0290542E2CE777E70015BE5D /* Read2Controller.swift */; };
		029054332CE777F30015BE5D /* ReadSuccessController.swift in Sources */ = {isa = PBXBuildFile; fileRef = 029054322CE777F30015BE5D /* ReadSuccessController.swift */; };
		02C5180F2CB87692003EBD35 /* AppDelegate.swift in Sources */ = {isa = PBXBuildFile; fileRef = 02C5180E2CB87692003EBD35 /* AppDelegate.swift */; };
		02C518112CB87692003EBD35 /* SceneDelegate.swift in Sources */ = {isa = PBXBuildFile; fileRef = 02C518102CB87692003EBD35 /* SceneDelegate.swift */; };
		02C518132CB87692003EBD35 /* ReportController.swift in Sources */ = {isa = PBXBuildFile; fileRef = 02C518122CB87692003EBD35 /* ReportController.swift */; };
		02C518182CB87692003EBD35 /* Assets.xcassets in Resources */ = {isa = PBXBuildFile; fileRef = 02C518172CB87692003EBD35 /* Assets.xcassets */; };
		02C5181B2CB87692003EBD35 /* Base in Resources */ = {isa = PBXBuildFile; fileRef = 02C5181A2CB87692003EBD35 /* Base */; };
		02C518262CB87693003EBD35 /* NFC_AppTests.swift in Sources */ = {isa = PBXBuildFile; fileRef = 02C518252CB87693003EBD35 /* NFC_AppTests.swift */; };
		02C518302CB87693003EBD35 /* NFC_AppUITests.swift in Sources */ = {isa = PBXBuildFile; fileRef = 02C5182F2CB87693003EBD35 /* NFC_AppUITests.swift */; };
		02C518322CB87693003EBD35 /* NFC_AppUITestsLaunchTests.swift in Sources */ = {isa = PBXBuildFile; fileRef = 02C518312CB87693003EBD35 /* NFC_AppUITestsLaunchTests.swift */; };
		02E1BD652CE8EC22004AA5CD /* NFCApp.xcdatamodeld in Sources */ = {isa = PBXBuildFile; fileRef = 02E1BD632CE8EC22004AA5CD /* NFCApp.xcdatamodeld */; };
		7E0313B14A088DE91D492EBE /* Pods_NFC_App.framework in Frameworks */ = {isa = PBXBuildFile; fileRef = BB9C01D6A1D13B8A7B8F6F9A /* Pods_NFC_App.framework */; };
		88DB4C8B9914ED2A1C58B017 /* Pods_NFC_AppTests.framework in Frameworks */ = {isa = PBXBuildFile; fileRef = 280F1C1F9D3EB1C1685D187B /* Pods_NFC_AppTests.framework */; };
		DBF2441F69C0EE6DA3216A6F /* Pods_NFC_App_NFC_AppUITests.framework in Frameworks */ = {isa = PBXBuildFile; fileRef = D014A207BF04D64207D1B97D /* Pods_NFC_App_NFC_AppUITests.framework */; };
/* End PBXBuildFile section */

/* Begin PBXContainerItemProxy section */
		02C518222CB87693003EBD35 /* PBXContainerItemProxy */ = {
			isa = PBXContainerItemProxy;
			containerPortal = 02C518032CB87692003EBD35 /* Project object */;
			proxyType = 1;
			remoteGlobalIDString = 02C5180A2CB87692003EBD35;
			remoteInfo = "NFC App";
		};
		02C5182C2CB87693003EBD35 /* PBXContainerItemProxy */ = {
			isa = PBXContainerItemProxy;
			containerPortal = 02C518032CB87692003EBD35 /* Project object */;
			proxyType = 1;
			remoteGlobalIDString = 02C5180A2CB87692003EBD35;
			remoteInfo = "NFC App";
		};
/* End PBXContainerItemProxy section */

/* Begin PBXFileReference section */
		02728AF42CE7EBD000C4872C /* LoginController.swift */ = {isa = PBXFileReference; lastKnownFileType = sourcecode.swift; path = LoginController.swift; sourceTree = "<group>"; };
		028C69C62CE7A35600B6860A /* ReadFailedController.swift */ = {isa = PBXFileReference; lastKnownFileType = sourcecode.swift; path = ReadFailedController.swift; sourceTree = "<group>"; };
		029054262CE72ACD0015BE5D /* NFC App.entitlements */ = {isa = PBXFileReference; lastKnownFileType = text.plist.entitlements; name = "NFC App.entitlements"; path = "Supporting/NFC App.entitlements"; sourceTree = "<group>"; };
		029054282CE73E040015BE5D /* Read1Controller.swift */ = {isa = PBXFileReference; lastKnownFileType = sourcecode.swift; path = Read1Controller.swift; sourceTree = "<group>"; };
		0290542A2CE73E310015BE5D /* LogController.swift */ = {isa = PBXFileReference; lastKnownFileType = sourcecode.swift; path = LogController.swift; sourceTree = "<group>"; };
		0290542C2CE73E8B0015BE5D /* TabController.swift */ = {isa = PBXFileReference; lastKnownFileType = sourcecode.swift; path = TabController.swift; sourceTree = "<group>"; };
		0290542E2CE777E70015BE5D /* Read2Controller.swift */ = {isa = PBXFileReference; lastKnownFileType = sourcecode.swift; path = Read2Controller.swift; sourceTree = "<group>"; };
		029054322CE777F30015BE5D /* ReadSuccessController.swift */ = {isa = PBXFileReference; lastKnownFileType = sourcecode.swift; path = ReadSuccessController.swift; sourceTree = "<group>"; };
		02C5180B2CB87692003EBD35 /* NFC App.app */ = {isa = PBXFileReference; explicitFileType = wrapper.application; includeInIndex = 0; path = "NFC App.app"; sourceTree = BUILT_PRODUCTS_DIR; };
		02C5180E2CB87692003EBD35 /* AppDelegate.swift */ = {isa = PBXFileReference; lastKnownFileType = sourcecode.swift; path = AppDelegate.swift; sourceTree = "<group>"; };
		02C518102CB87692003EBD35 /* SceneDelegate.swift */ = {isa = PBXFileReference; lastKnownFileType = sourcecode.swift; path = SceneDelegate.swift; sourceTree = "<group>"; };
		02C518122CB87692003EBD35 /* ReportController.swift */ = {isa = PBXFileReference; lastKnownFileType = sourcecode.swift; path = ReportController.swift; sourceTree = "<group>"; };
		02C518172CB87692003EBD35 /* Assets.xcassets */ = {isa = PBXFileReference; lastKnownFileType = folder.assetcatalog; path = Assets.xcassets; sourceTree = "<group>"; };
		02C5181A2CB87692003EBD35 /* Base */ = {isa = PBXFileReference; lastKnownFileType = file.storyboard; name = Base; path = Base.lproj/LaunchScreen.storyboard; sourceTree = "<group>"; };
		02C5181C2CB87692003EBD35 /* Info.plist */ = {isa = PBXFileReference; lastKnownFileType = text.plist.xml; path = Info.plist; sourceTree = "<group>"; };
		02C518212CB87693003EBD35 /* NFC AppTests.xctest */ = {isa = PBXFileReference; explicitFileType = wrapper.cfbundle; includeInIndex = 0; path = "NFC AppTests.xctest"; sourceTree = BUILT_PRODUCTS_DIR; };
		02C518252CB87693003EBD35 /* NFC_AppTests.swift */ = {isa = PBXFileReference; lastKnownFileType = sourcecode.swift; path = NFC_AppTests.swift; sourceTree = "<group>"; };
		02C5182B2CB87693003EBD35 /* NFC AppUITests.xctest */ = {isa = PBXFileReference; explicitFileType = wrapper.cfbundle; includeInIndex = 0; path = "NFC AppUITests.xctest"; sourceTree = BUILT_PRODUCTS_DIR; };
		02C5182F2CB87693003EBD35 /* NFC_AppUITests.swift */ = {isa = PBXFileReference; lastKnownFileType = sourcecode.swift; path = NFC_AppUITests.swift; sourceTree = "<group>"; };
		02C518312CB87693003EBD35 /* NFC_AppUITestsLaunchTests.swift */ = {isa = PBXFileReference; lastKnownFileType = sourcecode.swift; path = NFC_AppUITestsLaunchTests.swift; sourceTree = "<group>"; };
		02E1BD642CE8EC22004AA5CD /* NFCApp.xcdatamodel */ = {isa = PBXFileReference; lastKnownFileType = wrapper.xcdatamodel; path = NFCApp.xcdatamodel; sourceTree = "<group>"; };
		280F1C1F9D3EB1C1685D187B /* Pods_NFC_AppTests.framework */ = {isa = PBXFileReference; explicitFileType = wrapper.framework; includeInIndex = 0; path = Pods_NFC_AppTests.framework; sourceTree = BUILT_PRODUCTS_DIR; };
		2AE8B8ECA2949B2B9050BD7B /* Pods-NFC AppTests.release.xcconfig */ = {isa = PBXFileReference; includeInIndex = 1; lastKnownFileType = text.xcconfig; name = "Pods-NFC AppTests.release.xcconfig"; path = "Target Support Files/Pods-NFC AppTests/Pods-NFC AppTests.release.xcconfig"; sourceTree = "<group>"; };
		64990FB3C1E10852DDE88BB2 /* Pods-NFC App-NFC AppUITests.release.xcconfig */ = {isa = PBXFileReference; includeInIndex = 1; lastKnownFileType = text.xcconfig; name = "Pods-NFC App-NFC AppUITests.release.xcconfig"; path = "Target Support Files/Pods-NFC App-NFC AppUITests/Pods-NFC App-NFC AppUITests.release.xcconfig"; sourceTree = "<group>"; };
		8BF5564A37C236648C3B2630 /* Pods-NFC App.debug.xcconfig */ = {isa = PBXFileReference; includeInIndex = 1; lastKnownFileType = text.xcconfig; name = "Pods-NFC App.debug.xcconfig"; path = "Target Support Files/Pods-NFC App/Pods-NFC App.debug.xcconfig"; sourceTree = "<group>"; };
		9DFE1DDC746ABA8946877583 /* Pods-NFC App-NFC AppUITests.debug.xcconfig */ = {isa = PBXFileReference; includeInIndex = 1; lastKnownFileType = text.xcconfig; name = "Pods-NFC App-NFC AppUITests.debug.xcconfig"; path = "Target Support Files/Pods-NFC App-NFC AppUITests/Pods-NFC App-NFC AppUITests.debug.xcconfig"; sourceTree = "<group>"; };
		BB9C01D6A1D13B8A7B8F6F9A /* Pods_NFC_App.framework */ = {isa = PBXFileReference; explicitFileType = wrapper.framework; includeInIndex = 0; path = Pods_NFC_App.framework; sourceTree = BUILT_PRODUCTS_DIR; };
		C408875C08AB83F66EA2AE96 /* Pods-NFC App.release.xcconfig */ = {isa = PBXFileReference; includeInIndex = 1; lastKnownFileType = text.xcconfig; name = "Pods-NFC App.release.xcconfig"; path = "Target Support Files/Pods-NFC App/Pods-NFC App.release.xcconfig"; sourceTree = "<group>"; };
		D014A207BF04D64207D1B97D /* Pods_NFC_App_NFC_AppUITests.framework */ = {isa = PBXFileReference; explicitFileType = wrapper.framework; includeInIndex = 0; path = Pods_NFC_App_NFC_AppUITests.framework; sourceTree = BUILT_PRODUCTS_DIR; };
		DD0BFE3B60B120EB1269B9F8 /* Pods-NFC AppTests.debug.xcconfig */ = {isa = PBXFileReference; includeInIndex = 1; lastKnownFileType = text.xcconfig; name = "Pods-NFC AppTests.debug.xcconfig"; path = "Target Support Files/Pods-NFC AppTests/Pods-NFC AppTests.debug.xcconfig"; sourceTree = "<group>"; };
/* End PBXFileReference section */

/* Begin PBXFrameworksBuildPhase section */
		02C518082CB87692003EBD35 /* Frameworks */ = {
			isa = PBXFrameworksBuildPhase;
			buildActionMask = 2147483647;
			files = (
				7E0313B14A088DE91D492EBE /* Pods_NFC_App.framework in Frameworks */,
			);
			runOnlyForDeploymentPostprocessing = 0;
		};
		02C5181E2CB87693003EBD35 /* Frameworks */ = {
			isa = PBXFrameworksBuildPhase;
			buildActionMask = 2147483647;
			files = (
				88DB4C8B9914ED2A1C58B017 /* Pods_NFC_AppTests.framework in Frameworks */,
			);
			runOnlyForDeploymentPostprocessing = 0;
		};
		02C518282CB87693003EBD35 /* Frameworks */ = {
			isa = PBXFrameworksBuildPhase;
			buildActionMask = 2147483647;
			files = (
				DBF2441F69C0EE6DA3216A6F /* Pods_NFC_App_NFC_AppUITests.framework in Frameworks */,
			);
			runOnlyForDeploymentPostprocessing = 0;
		};
/* End PBXFrameworksBuildPhase section */

/* Begin PBXGroup section */
		029054272CE73C1C0015BE5D /* Supporting */ = {
			isa = PBXGroup;
			children = (
				02C5180E2CB87692003EBD35 /* AppDelegate.swift */,
				02C518102CB87692003EBD35 /* SceneDelegate.swift */,
				02C518172CB87692003EBD35 /* Assets.xcassets */,
				02C518192CB87692003EBD35 /* LaunchScreen.storyboard */,
				02E1BD632CE8EC22004AA5CD /* NFCApp.xcdatamodeld */,
			);
			path = Supporting;
			sourceTree = "<group>";
		};
		02C518022CB87692003EBD35 = {
			isa = PBXGroup;
			children = (
				02C5180D2CB87692003EBD35 /* NFC App */,
				02C518242CB87693003EBD35 /* NFC AppTests */,
				02C5182E2CB87693003EBD35 /* NFC AppUITests */,
				02C5180C2CB87692003EBD35 /* Products */,
				A38939107BAAC92F248E6F0A /* Pods */,
				22C8B120CE3C5DFBA79FE5AE /* Frameworks */,
			);
			sourceTree = "<group>";
		};
		02C5180C2CB87692003EBD35 /* Products */ = {
			isa = PBXGroup;
			children = (
				02C5180B2CB87692003EBD35 /* NFC App.app */,
				02C518212CB87693003EBD35 /* NFC AppTests.xctest */,
				02C5182B2CB87693003EBD35 /* NFC AppUITests.xctest */,
			);
			name = Products;
			sourceTree = "<group>";
		};
		02C5180D2CB87692003EBD35 /* NFC App */ = {
			isa = PBXGroup;
			children = (
				02728AF42CE7EBD000C4872C /* LoginController.swift */,
				0290542C2CE73E8B0015BE5D /* TabController.swift */,
				02C518122CB87692003EBD35 /* ReportController.swift */,
				029054282CE73E040015BE5D /* Read1Controller.swift */,
				0290542E2CE777E70015BE5D /* Read2Controller.swift */,
				029054322CE777F30015BE5D /* ReadSuccessController.swift */,
				028C69C62CE7A35600B6860A /* ReadFailedController.swift */,
				0290542A2CE73E310015BE5D /* LogController.swift */,
				029054272CE73C1C0015BE5D /* Supporting */,
				02C5181C2CB87692003EBD35 /* Info.plist */,
				029054262CE72ACD0015BE5D /* NFC App.entitlements */,
			);
			path = "NFC App";
			sourceTree = "<group>";
		};
		02C518242CB87693003EBD35 /* NFC AppTests */ = {
			isa = PBXGroup;
			children = (
				02C518252CB87693003EBD35 /* NFC_AppTests.swift */,
			);
			path = "NFC AppTests";
			sourceTree = "<group>";
		};
		02C5182E2CB87693003EBD35 /* NFC AppUITests */ = {
			isa = PBXGroup;
			children = (
				02C5182F2CB87693003EBD35 /* NFC_AppUITests.swift */,
				02C518312CB87693003EBD35 /* NFC_AppUITestsLaunchTests.swift */,
			);
			path = "NFC AppUITests";
			sourceTree = "<group>";
		};
		22C8B120CE3C5DFBA79FE5AE /* Frameworks */ = {
			isa = PBXGroup;
			children = (
				BB9C01D6A1D13B8A7B8F6F9A /* Pods_NFC_App.framework */,
				D014A207BF04D64207D1B97D /* Pods_NFC_App_NFC_AppUITests.framework */,
				280F1C1F9D3EB1C1685D187B /* Pods_NFC_AppTests.framework */,
			);
			name = Frameworks;
			sourceTree = "<group>";
		};
		A38939107BAAC92F248E6F0A /* Pods */ = {
			isa = PBXGroup;
			children = (
				8BF5564A37C236648C3B2630 /* Pods-NFC App.debug.xcconfig */,
				C408875C08AB83F66EA2AE96 /* Pods-NFC App.release.xcconfig */,
				9DFE1DDC746ABA8946877583 /* Pods-NFC App-NFC AppUITests.debug.xcconfig */,
				64990FB3C1E10852DDE88BB2 /* Pods-NFC App-NFC AppUITests.release.xcconfig */,
				DD0BFE3B60B120EB1269B9F8 /* Pods-NFC AppTests.debug.xcconfig */,
				2AE8B8ECA2949B2B9050BD7B /* Pods-NFC AppTests.release.xcconfig */,
			);
			path = Pods;
			sourceTree = "<group>";
		};
/* End PBXGroup section */

/* Begin PBXNativeTarget section */
		02C5180A2CB87692003EBD35 /* NFC App */ = {
			isa = PBXNativeTarget;
			buildConfigurationList = 02C518352CB87693003EBD35 /* Build configuration list for PBXNativeTarget "NFC App" */;
			buildPhases = (
				4A6757B62254D4F7404912E6 /* [CP] Check Pods Manifest.lock */,
				02C518072CB87692003EBD35 /* Sources */,
				02C518082CB87692003EBD35 /* Frameworks */,
				02C518092CB87692003EBD35 /* Resources */,
				67D4CA8136BBC25702405A93 /* [CP] Embed Pods Frameworks */,
			);
			buildRules = (
			);
			dependencies = (
			);
			name = "NFC App";
			productName = "NFC App";
			productReference = 02C5180B2CB87692003EBD35 /* NFC App.app */;
			productType = "com.apple.product-type.application";
		};
		02C518202CB87693003EBD35 /* NFC AppTests */ = {
			isa = PBXNativeTarget;
			buildConfigurationList = 02C518382CB87693003EBD35 /* Build configuration list for PBXNativeTarget "NFC AppTests" */;
			buildPhases = (
				0B909EC59EC8581FD3DCBCA3 /* [CP] Check Pods Manifest.lock */,
				02C5181D2CB87693003EBD35 /* Sources */,
				02C5181E2CB87693003EBD35 /* Frameworks */,
				02C5181F2CB87693003EBD35 /* Resources */,
			);
			buildRules = (
			);
			dependencies = (
				02C518232CB87693003EBD35 /* PBXTargetDependency */,
			);
			name = "NFC AppTests";
			productName = "NFC AppTests";
			productReference = 02C518212CB87693003EBD35 /* NFC AppTests.xctest */;
			productType = "com.apple.product-type.bundle.unit-test";
		};
		02C5182A2CB87693003EBD35 /* NFC AppUITests */ = {
			isa = PBXNativeTarget;
			buildConfigurationList = 02C5183B2CB87693003EBD35 /* Build configuration list for PBXNativeTarget "NFC AppUITests" */;
			buildPhases = (
				4970B8AB7BD2787768FC9393 /* [CP] Check Pods Manifest.lock */,
				02C518272CB87693003EBD35 /* Sources */,
				02C518282CB87693003EBD35 /* Frameworks */,
				02C518292CB87693003EBD35 /* Resources */,
				6BAA5B912CE014D591F37A18 /* [CP] Embed Pods Frameworks */,
			);
			buildRules = (
			);
			dependencies = (
				02C5182D2CB87693003EBD35 /* PBXTargetDependency */,
			);
			name = "NFC AppUITests";
			productName = "NFC AppUITests";
			productReference = 02C5182B2CB87693003EBD35 /* NFC AppUITests.xctest */;
			productType = "com.apple.product-type.bundle.ui-testing";
		};
/* End PBXNativeTarget section */

/* Begin PBXProject section */
		02C518032CB87692003EBD35 /* Project object */ = {
			isa = PBXProject;
			attributes = {
				BuildIndependentTargetsInParallel = 1;
				LastSwiftUpdateCheck = 1540;
				LastUpgradeCheck = 1540;
				TargetAttributes = {
					02C5180A2CB87692003EBD35 = {
						CreatedOnToolsVersion = 15.4;
					};
					02C518202CB87693003EBD35 = {
						CreatedOnToolsVersion = 15.4;
						TestTargetID = 02C5180A2CB87692003EBD35;
					};
					02C5182A2CB87693003EBD35 = {
						CreatedOnToolsVersion = 15.4;
						TestTargetID = 02C5180A2CB87692003EBD35;
					};
				};
			};
			buildConfigurationList = 02C518062CB87692003EBD35 /* Build configuration list for PBXProject "NFC App" */;
			compatibilityVersion = "Xcode 14.0";
			developmentRegion = en;
			hasScannedForEncodings = 0;
			knownRegions = (
				en,
				Base,
			);
			mainGroup = 02C518022CB87692003EBD35;
			productRefGroup = 02C5180C2CB87692003EBD35 /* Products */;
			projectDirPath = "";
			projectRoot = "";
			targets = (
				02C5180A2CB87692003EBD35 /* NFC App */,
				02C518202CB87693003EBD35 /* NFC AppTests */,
				02C5182A2CB87693003EBD35 /* NFC AppUITests */,
			);
		};
/* End PBXProject section */

/* Begin PBXResourcesBuildPhase section */
		02C518092CB87692003EBD35 /* Resources */ = {
			isa = PBXResourcesBuildPhase;
			buildActionMask = 2147483647;
			files = (
				02C518182CB87692003EBD35 /* Assets.xcassets in Resources */,
				02C5181B2CB87692003EBD35 /* Base in Resources */,
			);
			runOnlyForDeploymentPostprocessing = 0;
		};
		02C5181F2CB87693003EBD35 /* Resources */ = {
			isa = PBXResourcesBuildPhase;
			buildActionMask = 2147483647;
			files = (
			);
			runOnlyForDeploymentPostprocessing = 0;
		};
		02C518292CB87693003EBD35 /* Resources */ = {
			isa = PBXResourcesBuildPhase;
			buildActionMask = 2147483647;
			files = (
			);
			runOnlyForDeploymentPostprocessing = 0;
		};
/* End PBXResourcesBuildPhase section */

/* Begin PBXShellScriptBuildPhase section */
		0B909EC59EC8581FD3DCBCA3 /* [CP] Check Pods Manifest.lock */ = {
			isa = PBXShellScriptBuildPhase;
			buildActionMask = 2147483647;
			files = (
			);
			inputFileListPaths = (
			);
			inputPaths = (
				"${PODS_PODFILE_DIR_PATH}/Podfile.lock",
				"${PODS_ROOT}/Manifest.lock",
			);
			name = "[CP] Check Pods Manifest.lock";
			outputFileListPaths = (
			);
			outputPaths = (
				"$(DERIVED_FILE_DIR)/Pods-NFC AppTests-checkManifestLockResult.txt",
			);
			runOnlyForDeploymentPostprocessing = 0;
			shellPath = /bin/sh;
			shellScript = "diff \"${PODS_PODFILE_DIR_PATH}/Podfile.lock\" \"${PODS_ROOT}/Manifest.lock\" > /dev/null\nif [ $? != 0 ] ; then\n    # print error to STDERR\n    echo \"error: The sandbox is not in sync with the Podfile.lock. Run 'pod install' or update your CocoaPods installation.\" >&2\n    exit 1\nfi\n# This output is used by Xcode 'outputs' to avoid re-running this script phase.\necho \"SUCCESS\" > \"${SCRIPT_OUTPUT_FILE_0}\"\n";
			showEnvVarsInLog = 0;
		};
		4970B8AB7BD2787768FC9393 /* [CP] Check Pods Manifest.lock */ = {
			isa = PBXShellScriptBuildPhase;
			buildActionMask = 2147483647;
			files = (
			);
			inputFileListPaths = (
			);
			inputPaths = (
				"${PODS_PODFILE_DIR_PATH}/Podfile.lock",
				"${PODS_ROOT}/Manifest.lock",
			);
			name = "[CP] Check Pods Manifest.lock";
			outputFileListPaths = (
			);
			outputPaths = (
				"$(DERIVED_FILE_DIR)/Pods-NFC App-NFC AppUITests-checkManifestLockResult.txt",
			);
			runOnlyForDeploymentPostprocessing = 0;
			shellPath = /bin/sh;
			shellScript = "diff \"${PODS_PODFILE_DIR_PATH}/Podfile.lock\" \"${PODS_ROOT}/Manifest.lock\" > /dev/null\nif [ $? != 0 ] ; then\n    # print error to STDERR\n    echo \"error: The sandbox is not in sync with the Podfile.lock. Run 'pod install' or update your CocoaPods installation.\" >&2\n    exit 1\nfi\n# This output is used by Xcode 'outputs' to avoid re-running this script phase.\necho \"SUCCESS\" > \"${SCRIPT_OUTPUT_FILE_0}\"\n";
			showEnvVarsInLog = 0;
		};
		4A6757B62254D4F7404912E6 /* [CP] Check Pods Manifest.lock */ = {
			isa = PBXShellScriptBuildPhase;
			buildActionMask = 2147483647;
			files = (
			);
			inputFileListPaths = (
			);
			inputPaths = (
				"${PODS_PODFILE_DIR_PATH}/Podfile.lock",
				"${PODS_ROOT}/Manifest.lock",
			);
			name = "[CP] Check Pods Manifest.lock";
			outputFileListPaths = (
			);
			outputPaths = (
				"$(DERIVED_FILE_DIR)/Pods-NFC App-checkManifestLockResult.txt",
			);
			runOnlyForDeploymentPostprocessing = 0;
			shellPath = /bin/sh;
			shellScript = "diff \"${PODS_PODFILE_DIR_PATH}/Podfile.lock\" \"${PODS_ROOT}/Manifest.lock\" > /dev/null\nif [ $? != 0 ] ; then\n    # print error to STDERR\n    echo \"error: The sandbox is not in sync with the Podfile.lock. Run 'pod install' or update your CocoaPods installation.\" >&2\n    exit 1\nfi\n# This output is used by Xcode 'outputs' to avoid re-running this script phase.\necho \"SUCCESS\" > \"${SCRIPT_OUTPUT_FILE_0}\"\n";
			showEnvVarsInLog = 0;
		};
		67D4CA8136BBC25702405A93 /* [CP] Embed Pods Frameworks */ = {
			isa = PBXShellScriptBuildPhase;
			buildActionMask = 2147483647;
			files = (
			);
			inputFileListPaths = (
				"${PODS_ROOT}/Target Support Files/Pods-NFC App/Pods-NFC App-frameworks-${CONFIGURATION}-input-files.xcfilelist",
			);
			name = "[CP] Embed Pods Frameworks";
			outputFileListPaths = (
				"${PODS_ROOT}/Target Support Files/Pods-NFC App/Pods-NFC App-frameworks-${CONFIGURATION}-output-files.xcfilelist",
			);
			runOnlyForDeploymentPostprocessing = 0;
			shellPath = /bin/sh;
			shellScript = "\"${PODS_ROOT}/Target Support Files/Pods-NFC App/Pods-NFC App-frameworks.sh\"\n";
			showEnvVarsInLog = 0;
		};
		6BAA5B912CE014D591F37A18 /* [CP] Embed Pods Frameworks */ = {
			isa = PBXShellScriptBuildPhase;
			buildActionMask = 2147483647;
			files = (
			);
			inputFileListPaths = (
				"${PODS_ROOT}/Target Support Files/Pods-NFC App-NFC AppUITests/Pods-NFC App-NFC AppUITests-frameworks-${CONFIGURATION}-input-files.xcfilelist",
			);
			name = "[CP] Embed Pods Frameworks";
			outputFileListPaths = (
				"${PODS_ROOT}/Target Support Files/Pods-NFC App-NFC AppUITests/Pods-NFC App-NFC AppUITests-frameworks-${CONFIGURATION}-output-files.xcfilelist",
			);
			runOnlyForDeploymentPostprocessing = 0;
			shellPath = /bin/sh;
			shellScript = "\"${PODS_ROOT}/Target Support Files/Pods-NFC App-NFC AppUITests/Pods-NFC App-NFC AppUITests-frameworks.sh\"\n";
			showEnvVarsInLog = 0;
		};
/* End PBXShellScriptBuildPhase section */

/* Begin PBXSourcesBuildPhase section */
		02C518072CB87692003EBD35 /* Sources */ = {
			isa = PBXSourcesBuildPhase;
			buildActionMask = 2147483647;
			files = (
				02728AF52CE7EBD000C4872C /* LoginController.swift in Sources */,
				028C69C72CE7A35600B6860A /* ReadFailedController.swift in Sources */,
				02C518132CB87692003EBD35 /* ReportController.swift in Sources */,
				0290542D2CE73E8B0015BE5D /* TabController.swift in Sources */,
				02C5180F2CB87692003EBD35 /* AppDelegate.swift in Sources */,
				029054332CE777F30015BE5D /* ReadSuccessController.swift in Sources */,
				0290542F2CE777E70015BE5D /* Read2Controller.swift in Sources */,
				0290542B2CE73E310015BE5D /* LogController.swift in Sources */,
				02E1BD652CE8EC22004AA5CD /* NFCApp.xcdatamodeld in Sources */,
				02C518112CB87692003EBD35 /* SceneDelegate.swift in Sources */,
				029054292CE73E040015BE5D /* Read1Controller.swift in Sources */,
			);
			runOnlyForDeploymentPostprocessing = 0;
		};
		02C5181D2CB87693003EBD35 /* Sources */ = {
			isa = PBXSourcesBuildPhase;
			buildActionMask = 2147483647;
			files = (
				02C518262CB87693003EBD35 /* NFC_AppTests.swift in Sources */,
			);
			runOnlyForDeploymentPostprocessing = 0;
		};
		02C518272CB87693003EBD35 /* Sources */ = {
			isa = PBXSourcesBuildPhase;
			buildActionMask = 2147483647;
			files = (
				02C518322CB87693003EBD35 /* NFC_AppUITestsLaunchTests.swift in Sources */,
				02C518302CB87693003EBD35 /* NFC_AppUITests.swift in Sources */,
			);
			runOnlyForDeploymentPostprocessing = 0;
		};
/* End PBXSourcesBuildPhase section */

/* Begin PBXTargetDependency section */
		02C518232CB87693003EBD35 /* PBXTargetDependency */ = {
			isa = PBXTargetDependency;
			target = 02C5180A2CB87692003EBD35 /* NFC App */;
			targetProxy = 02C518222CB87693003EBD35 /* PBXContainerItemProxy */;
		};
		02C5182D2CB87693003EBD35 /* PBXTargetDependency */ = {
			isa = PBXTargetDependency;
			target = 02C5180A2CB87692003EBD35 /* NFC App */;
			targetProxy = 02C5182C2CB87693003EBD35 /* PBXContainerItemProxy */;
		};
/* End PBXTargetDependency section */

/* Begin PBXVariantGroup section */
		02C518192CB87692003EBD35 /* LaunchScreen.storyboard */ = {
			isa = PBXVariantGroup;
			children = (
				02C5181A2CB87692003EBD35 /* Base */,
			);
			name = LaunchScreen.storyboard;
			sourceTree = "<group>";
		};
/* End PBXVariantGroup section */

/* Begin XCBuildConfiguration section */
		02C518332CB87693003EBD35 /* Debug */ = {
			isa = XCBuildConfiguration;
			buildSettings = {
				ALWAYS_SEARCH_USER_PATHS = NO;
				ASSETCATALOG_COMPILER_GENERATE_SWIFT_ASSET_SYMBOL_EXTENSIONS = YES;
				CLANG_ANALYZER_NONNULL = YES;
				CLANG_ANALYZER_NUMBER_OBJECT_CONVERSION = YES_AGGRESSIVE;
				CLANG_CXX_LANGUAGE_STANDARD = "gnu++20";
				CLANG_ENABLE_MODULES = YES;
				CLANG_ENABLE_OBJC_ARC = YES;
				CLANG_ENABLE_OBJC_WEAK = YES;
				CLANG_WARN_BLOCK_CAPTURE_AUTORELEASING = YES;
				CLANG_WARN_BOOL_CONVERSION = YES;
				CLANG_WARN_COMMA = YES;
				CLANG_WARN_CONSTANT_CONVERSION = YES;
				CLANG_WARN_DEPRECATED_OBJC_IMPLEMENTATIONS = YES;
				CLANG_WARN_DIRECT_OBJC_ISA_USAGE = YES_ERROR;
				CLANG_WARN_DOCUMENTATION_COMMENTS = YES;
				CLANG_WARN_EMPTY_BODY = YES;
				CLANG_WARN_ENUM_CONVERSION = YES;
				CLANG_WARN_INFINITE_RECURSION = YES;
				CLANG_WARN_INT_CONVERSION = YES;
				CLANG_WARN_NON_LITERAL_NULL_CONVERSION = YES;
				CLANG_WARN_OBJC_IMPLICIT_RETAIN_SELF = YES;
				CLANG_WARN_OBJC_LITERAL_CONVERSION = YES;
				CLANG_WARN_OBJC_ROOT_CLASS = YES_ERROR;
				CLANG_WARN_QUOTED_INCLUDE_IN_FRAMEWORK_HEADER = YES;
				CLANG_WARN_RANGE_LOOP_ANALYSIS = YES;
				CLANG_WARN_STRICT_PROTOTYPES = YES;
				CLANG_WARN_SUSPICIOUS_MOVE = YES;
				CLANG_WARN_UNGUARDED_AVAILABILITY = YES_AGGRESSIVE;
				CLANG_WARN_UNREACHABLE_CODE = YES;
				CLANG_WARN__DUPLICATE_METHOD_MATCH = YES;
				COPY_PHASE_STRIP = NO;
				DEBUG_INFORMATION_FORMAT = dwarf;
				ENABLE_STRICT_OBJC_MSGSEND = YES;
				ENABLE_TESTABILITY = YES;
				ENABLE_USER_SCRIPT_SANDBOXING = YES;
				GCC_C_LANGUAGE_STANDARD = gnu17;
				GCC_DYNAMIC_NO_PIC = NO;
				GCC_NO_COMMON_BLOCKS = YES;
				GCC_OPTIMIZATION_LEVEL = 0;
				GCC_PREPROCESSOR_DEFINITIONS = (
					"DEBUG=1",
					"$(inherited)",
				);
				GCC_WARN_64_TO_32_BIT_CONVERSION = YES;
				GCC_WARN_ABOUT_RETURN_TYPE = YES_ERROR;
				GCC_WARN_UNDECLARED_SELECTOR = YES;
				GCC_WARN_UNINITIALIZED_AUTOS = YES_AGGRESSIVE;
				GCC_WARN_UNUSED_FUNCTION = YES;
				GCC_WARN_UNUSED_VARIABLE = YES;
				IPHONEOS_DEPLOYMENT_TARGET = 17.5;
				LOCALIZATION_PREFERS_STRING_CATALOGS = YES;
				MTL_ENABLE_DEBUG_INFO = INCLUDE_SOURCE;
				MTL_FAST_MATH = YES;
				ONLY_ACTIVE_ARCH = YES;
				SDKROOT = iphoneos;
				SWIFT_ACTIVE_COMPILATION_CONDITIONS = "DEBUG $(inherited)";
				SWIFT_OPTIMIZATION_LEVEL = "-Onone";
			};
			name = Debug;
		};
		02C518342CB87693003EBD35 /* Release */ = {
			isa = XCBuildConfiguration;
			buildSettings = {
				ALWAYS_SEARCH_USER_PATHS = NO;
				ASSETCATALOG_COMPILER_GENERATE_SWIFT_ASSET_SYMBOL_EXTENSIONS = YES;
				CLANG_ANALYZER_NONNULL = YES;
				CLANG_ANALYZER_NUMBER_OBJECT_CONVERSION = YES_AGGRESSIVE;
				CLANG_CXX_LANGUAGE_STANDARD = "gnu++20";
				CLANG_ENABLE_MODULES = YES;
				CLANG_ENABLE_OBJC_ARC = YES;
				CLANG_ENABLE_OBJC_WEAK = YES;
				CLANG_WARN_BLOCK_CAPTURE_AUTORELEASING = YES;
				CLANG_WARN_BOOL_CONVERSION = YES;
				CLANG_WARN_COMMA = YES;
				CLANG_WARN_CONSTANT_CONVERSION = YES;
				CLANG_WARN_DEPRECATED_OBJC_IMPLEMENTATIONS = YES;
				CLANG_WARN_DIRECT_OBJC_ISA_USAGE = YES_ERROR;
				CLANG_WARN_DOCUMENTATION_COMMENTS = YES;
				CLANG_WARN_EMPTY_BODY = YES;
				CLANG_WARN_ENUM_CONVERSION = YES;
				CLANG_WARN_INFINITE_RECURSION = YES;
				CLANG_WARN_INT_CONVERSION = YES;
				CLANG_WARN_NON_LITERAL_NULL_CONVERSION = YES;
				CLANG_WARN_OBJC_IMPLICIT_RETAIN_SELF = YES;
				CLANG_WARN_OBJC_LITERAL_CONVERSION = YES;
				CLANG_WARN_OBJC_ROOT_CLASS = YES_ERROR;
				CLANG_WARN_QUOTED_INCLUDE_IN_FRAMEWORK_HEADER = YES;
				CLANG_WARN_RANGE_LOOP_ANALYSIS = YES;
				CLANG_WARN_STRICT_PROTOTYPES = YES;
				CLANG_WARN_SUSPICIOUS_MOVE = YES;
				CLANG_WARN_UNGUARDED_AVAILABILITY = YES_AGGRESSIVE;
				CLANG_WARN_UNREACHABLE_CODE = YES;
				CLANG_WARN__DUPLICATE_METHOD_MATCH = YES;
				COPY_PHASE_STRIP = NO;
				DEBUG_INFORMATION_FORMAT = "dwarf-with-dsym";
				ENABLE_NS_ASSERTIONS = NO;
				ENABLE_STRICT_OBJC_MSGSEND = YES;
				ENABLE_USER_SCRIPT_SANDBOXING = YES;
				GCC_C_LANGUAGE_STANDARD = gnu17;
				GCC_NO_COMMON_BLOCKS = YES;
				GCC_WARN_64_TO_32_BIT_CONVERSION = YES;
				GCC_WARN_ABOUT_RETURN_TYPE = YES_ERROR;
				GCC_WARN_UNDECLARED_SELECTOR = YES;
				GCC_WARN_UNINITIALIZED_AUTOS = YES_AGGRESSIVE;
				GCC_WARN_UNUSED_FUNCTION = YES;
				GCC_WARN_UNUSED_VARIABLE = YES;
				IPHONEOS_DEPLOYMENT_TARGET = 17.5;
				LOCALIZATION_PREFERS_STRING_CATALOGS = YES;
				MTL_ENABLE_DEBUG_INFO = NO;
				MTL_FAST_MATH = YES;
				SDKROOT = iphoneos;
				SWIFT_COMPILATION_MODE = wholemodule;
				VALIDATE_PRODUCT = YES;
			};
			name = Release;
		};
		02C518362CB87693003EBD35 /* Debug */ = {
			isa = XCBuildConfiguration;
			baseConfigurationReference = 8BF5564A37C236648C3B2630 /* Pods-NFC App.debug.xcconfig */;
			buildSettings = {
				ASSETCATALOG_COMPILER_APPICON_NAME = AppIcon;
				ASSETCATALOG_COMPILER_GLOBAL_ACCENT_COLOR_NAME = AccentColor;
				CODE_SIGN_ENTITLEMENTS = "NFC App/NFC App.entitlements";
				CODE_SIGN_STYLE = Automatic;
				CURRENT_PROJECT_VERSION = 1;
				DEVELOPMENT_TEAM = 9R85Q3F3J6;
				ENABLE_USER_SCRIPT_SANDBOXING = NO;
				GENERATE_INFOPLIST_FILE = YES;
				INFOPLIST_FILE = "NFC App/Info.plist";
				INFOPLIST_KEY_CFBundleDisplayName = "NFC App 3";
				INFOPLIST_KEY_NFCReaderUsageDescription = "This app requires NFC access to scan and read tags.";
				INFOPLIST_KEY_UIApplicationSupportsIndirectInputEvents = YES;
				INFOPLIST_KEY_UILaunchStoryboardName = LaunchScreen;
				INFOPLIST_KEY_UISupportedInterfaceOrientations_iPad = "UIInterfaceOrientationPortrait UIInterfaceOrientationPortraitUpsideDown UIInterfaceOrientationLandscapeLeft UIInterfaceOrientationLandscapeRight";
				INFOPLIST_KEY_UISupportedInterfaceOrientations_iPhone = "UIInterfaceOrientationPortrait UIInterfaceOrientationLandscapeLeft UIInterfaceOrientationLandscapeRight";
				LD_RUNPATH_SEARCH_PATHS = (
					"$(inherited)",
					"@executable_path/Frameworks",
				);
				MARKETING_VERSION = 1.0;
				PRODUCT_BUNDLE_IDENTIFIER = "com.aditya.NFC-App-3";
				PRODUCT_NAME = "$(TARGET_NAME)";
				SWIFT_EMIT_LOC_STRINGS = YES;
				SWIFT_VERSION = 5.0;
				TARGETED_DEVICE_FAMILY = "1,2";
			};
			name = Debug;
		};
		02C518372CB87693003EBD35 /* Release */ = {
			isa = XCBuildConfiguration;
			baseConfigurationReference = C408875C08AB83F66EA2AE96 /* Pods-NFC App.release.xcconfig */;
			buildSettings = {
				ASSETCATALOG_COMPILER_APPICON_NAME = AppIcon;
				ASSETCATALOG_COMPILER_GLOBAL_ACCENT_COLOR_NAME = AccentColor;
				CODE_SIGN_ENTITLEMENTS = "NFC App/NFC App.entitlements";
				CODE_SIGN_STYLE = Automatic;
				CURRENT_PROJECT_VERSION = 1;
				DEVELOPMENT_TEAM = 9R85Q3F3J6;
				ENABLE_USER_SCRIPT_SANDBOXING = NO;
				GENERATE_INFOPLIST_FILE = YES;
				INFOPLIST_FILE = "NFC App/Info.plist";
				INFOPLIST_KEY_CFBundleDisplayName = "NFC App 3";
				INFOPLIST_KEY_NFCReaderUsageDescription = "This app requires NFC access to scan and read tags.";
				INFOPLIST_KEY_UIApplicationSupportsIndirectInputEvents = YES;
				INFOPLIST_KEY_UILaunchStoryboardName = LaunchScreen;
				INFOPLIST_KEY_UISupportedInterfaceOrientations_iPad = "UIInterfaceOrientationPortrait UIInterfaceOrientationPortraitUpsideDown UIInterfaceOrientationLandscapeLeft UIInterfaceOrientationLandscapeRight";
				INFOPLIST_KEY_UISupportedInterfaceOrientations_iPhone = "UIInterfaceOrientationPortrait UIInterfaceOrientationLandscapeLeft UIInterfaceOrientationLandscapeRight";
				LD_RUNPATH_SEARCH_PATHS = (
					"$(inherited)",
					"@executable_path/Frameworks",
				);
				MARKETING_VERSION = 1.0;
				PRODUCT_BUNDLE_IDENTIFIER = "com.aditya.NFC-App-3";
				PRODUCT_NAME = "$(TARGET_NAME)";
				SWIFT_EMIT_LOC_STRINGS = YES;
				SWIFT_VERSION = 5.0;
				TARGETED_DEVICE_FAMILY = "1,2";
			};
			name = Release;
		};
		02C518392CB87693003EBD35 /* Debug */ = {
			isa = XCBuildConfiguration;
			baseConfigurationReference = DD0BFE3B60B120EB1269B9F8 /* Pods-NFC AppTests.debug.xcconfig */;
			buildSettings = {
				ALWAYS_EMBED_SWIFT_STANDARD_LIBRARIES = YES;
				BUNDLE_LOADER = "$(TEST_HOST)";
				CODE_SIGN_STYLE = Automatic;
				CURRENT_PROJECT_VERSION = 1;
				DEVELOPMENT_TEAM = 9R85Q3F3J6;
				GENERATE_INFOPLIST_FILE = YES;
				IPHONEOS_DEPLOYMENT_TARGET = 17.5;
				MARKETING_VERSION = 1.0;
				PRODUCT_BUNDLE_IDENTIFIER = "com.aditya.NFC-AppTests";
				PRODUCT_NAME = "$(TARGET_NAME)";
				SWIFT_EMIT_LOC_STRINGS = NO;
				SWIFT_VERSION = 5.0;
				TARGETED_DEVICE_FAMILY = "1,2";
				TEST_HOST = "$(BUILT_PRODUCTS_DIR)/NFC App.app/$(BUNDLE_EXECUTABLE_FOLDER_PATH)/NFC App";
			};
			name = Debug;
		};
		02C5183A2CB87693003EBD35 /* Release */ = {
			isa = XCBuildConfiguration;
			baseConfigurationReference = 2AE8B8ECA2949B2B9050BD7B /* Pods-NFC AppTests.release.xcconfig */;
			buildSettings = {
				ALWAYS_EMBED_SWIFT_STANDARD_LIBRARIES = YES;
				BUNDLE_LOADER = "$(TEST_HOST)";
				CODE_SIGN_STYLE = Automatic;
				CURRENT_PROJECT_VERSION = 1;
				DEVELOPMENT_TEAM = 9R85Q3F3J6;
				GENERATE_INFOPLIST_FILE = YES;
				IPHONEOS_DEPLOYMENT_TARGET = 17.5;
				MARKETING_VERSION = 1.0;
				PRODUCT_BUNDLE_IDENTIFIER = "com.aditya.NFC-AppTests";
				PRODUCT_NAME = "$(TARGET_NAME)";
				SWIFT_EMIT_LOC_STRINGS = NO;
				SWIFT_VERSION = 5.0;
				TARGETED_DEVICE_FAMILY = "1,2";
				TEST_HOST = "$(BUILT_PRODUCTS_DIR)/NFC App.app/$(BUNDLE_EXECUTABLE_FOLDER_PATH)/NFC App";
			};
			name = Release;
		};
		02C5183C2CB87693003EBD35 /* Debug */ = {
			isa = XCBuildConfiguration;
			baseConfigurationReference = 9DFE1DDC746ABA8946877583 /* Pods-NFC App-NFC AppUITests.debug.xcconfig */;
			buildSettings = {
				ALWAYS_EMBED_SWIFT_STANDARD_LIBRARIES = YES;
				CODE_SIGN_STYLE = Automatic;
				CURRENT_PROJECT_VERSION = 1;
				DEVELOPMENT_TEAM = 9R85Q3F3J6;
				GENERATE_INFOPLIST_FILE = YES;
				MARKETING_VERSION = 1.0;
				PRODUCT_BUNDLE_IDENTIFIER = "com.aditya.NFC-AppUITests";
				PRODUCT_NAME = "$(TARGET_NAME)";
				SWIFT_EMIT_LOC_STRINGS = NO;
				SWIFT_VERSION = 5.0;
				TARGETED_DEVICE_FAMILY = "1,2";
				TEST_TARGET_NAME = "NFC App";
			};
			name = Debug;
		};
		02C5183D2CB87693003EBD35 /* Release */ = {
			isa = XCBuildConfiguration;
			baseConfigurationReference = 64990FB3C1E10852DDE88BB2 /* Pods-NFC App-NFC AppUITests.release.xcconfig */;
			buildSettings = {
				ALWAYS_EMBED_SWIFT_STANDARD_LIBRARIES = YES;
				CODE_SIGN_STYLE = Automatic;
				CURRENT_PROJECT_VERSION = 1;
				DEVELOPMENT_TEAM = 9R85Q3F3J6;
				GENERATE_INFOPLIST_FILE = YES;
				MARKETING_VERSION = 1.0;
				PRODUCT_BUNDLE_IDENTIFIER = "com.aditya.NFC-AppUITests";
				PRODUCT_NAME = "$(TARGET_NAME)";
				SWIFT_EMIT_LOC_STRINGS = NO;
				SWIFT_VERSION = 5.0;
				TARGETED_DEVICE_FAMILY = "1,2";
				TEST_TARGET_NAME = "NFC App";
			};
			name = Release;
		};
/* End XCBuildConfiguration section */

/* Begin XCConfigurationList section */
		02C518062CB87692003EBD35 /* Build configuration list for PBXProject "NFC App" */ = {
			isa = XCConfigurationList;
			buildConfigurations = (
				02C518332CB87693003EBD35 /* Debug */,
				02C518342CB87693003EBD35 /* Release */,
			);
			defaultConfigurationIsVisible = 0;
			defaultConfigurationName = Release;
		};
		02C518352CB87693003EBD35 /* Build configuration list for PBXNativeTarget "NFC App" */ = {
			isa = XCConfigurationList;
			buildConfigurations = (
				02C518362CB87693003EBD35 /* Debug */,
				02C518372CB87693003EBD35 /* Release */,
			);
			defaultConfigurationIsVisible = 0;
			defaultConfigurationName = Release;
		};
		02C518382CB87693003EBD35 /* Build configuration list for PBXNativeTarget "NFC AppTests" */ = {
			isa = XCConfigurationList;
			buildConfigurations = (
				02C518392CB87693003EBD35 /* Debug */,
				02C5183A2CB87693003EBD35 /* Release */,
			);
			defaultConfigurationIsVisible = 0;
			defaultConfigurationName = Release;
		};
		02C5183B2CB87693003EBD35 /* Build configuration list for PBXNativeTarget "NFC AppUITests" */ = {
			isa = XCConfigurationList;
			buildConfigurations = (
				02C5183C2CB87693003EBD35 /* Debug */,
				02C5183D2CB87693003EBD35 /* Release */,
			);
			defaultConfigurationIsVisible = 0;
			defaultConfigurationName = Release;
		};
/* End XCConfigurationList section */

/* Begin XCVersionGroup section */
		02E1BD632CE8EC22004AA5CD /* NFCApp.xcdatamodeld */ = {
			isa = XCVersionGroup;
			children = (
				02E1BD642CE8EC22004AA5CD /* NFCApp.xcdatamodel */,
			);
			currentVersion = 02E1BD642CE8EC22004AA5CD /* NFCApp.xcdatamodel */;
			path = NFCApp.xcdatamodeld;
			sourceTree = "<group>";
			versionGroupType = wrapper.xcdatamodel;
		};
/* End XCVersionGroup section */
	};
	rootObject = 02C518032CB87692003EBD35 /* Project object */;
}
