// !$*UTF8*$!
{
	archiveVersion = 1;
	classes = {
	};
	objectVersion = 56;
	objects = {

/* Begin PBXBuildFile section */
		021499FF2CC82D5400ED3F60 /* ReadBlockViewController.swift in Sources */ = {isa = PBXBuildFile; fileRef = 021499FE2CC82D5400ED3F60 /* ReadBlockViewController.swift */; };
		02149A012CC82D6E00ED3F60 /* WriteBlockViewController.swift in Sources */ = {isa = PBXBuildFile; fileRef = 02149A002CC82D6E00ED3F60 /* WriteBlockViewController.swift */; };
		02C5180F2CB87692003EBD35 /* AppDelegate.swift in Sources */ = {isa = PBXBuildFile; fileRef = 02C5180E2CB87692003EBD35 /* AppDelegate.swift */; };
		02C518112CB87692003EBD35 /* SceneDelegate.swift in Sources */ = {isa = PBXBuildFile; fileRef = 02C518102CB87692003EBD35 /* SceneDelegate.swift */; };
		02C518132CB87692003EBD35 /* ViewController.swift in Sources */ = {isa = PBXBuildFile; fileRef = 02C518122CB87692003EBD35 /* ViewController.swift */; };
		02C518162CB87692003EBD35 /* Base in Resources */ = {isa = PBXBuildFile; fileRef = 02C518152CB87692003EBD35 /* Base */; };
		02C518182CB87692003EBD35 /* Assets.xcassets in Resources */ = {isa = PBXBuildFile; fileRef = 02C518172CB87692003EBD35 /* Assets.xcassets */; };
		02C5181B2CB87692003EBD35 /* Base in Resources */ = {isa = PBXBuildFile; fileRef = 02C5181A2CB87692003EBD35 /* Base */; };
		02C518262CB87693003EBD35 /* NFC_AppTests.swift in Sources */ = {isa = PBXBuildFile; fileRef = 02C518252CB87693003EBD35 /* NFC_AppTests.swift */; };
		02C518302CB87693003EBD35 /* NFC_AppUITests.swift in Sources */ = {isa = PBXBuildFile; fileRef = 02C5182F2CB87693003EBD35 /* NFC_AppUITests.swift */; };
		02C518322CB87693003EBD35 /* NFC_AppUITestsLaunchTests.swift in Sources */ = {isa = PBXBuildFile; fileRef = 02C518312CB87693003EBD35 /* NFC_AppUITestsLaunchTests.swift */; };
/* End PBXBuildFile section */

/* Begin PBXContainerItemProxy section */
		02C518222CB87693003EBD35 /* PBXContainerItemProxy */ = {
			isa = PBXContainerItemProxy;
			containerPortal = 02C518032CB87692003EBD35 /* Project object */;
			proxyType = 1;
			remoteGlobalIDString = 02C5180A2CB87692003EBD35;
			remoteInfo = "NFC App";
		};
		02C5182C2CB87693003EBD35 /* PBXContainerItemProxy */ = {
			isa = PBXContainerItemProxy;
			containerPortal = 02C518032CB87692003EBD35 /* Project object */;
			proxyType = 1;
			remoteGlobalIDString = 02C5180A2CB87692003EBD35;
			remoteInfo = "NFC App";
		};
/* End PBXContainerItemProxy section */

/* Begin PBXFileReference section */
		021499FE2CC82D5400ED3F60 /* ReadBlockViewController.swift */ = {isa = PBXFileReference; lastKnownFileType = sourcecode.swift; path = ReadBlockViewController.swift; sourceTree = "<group>"; };
		02149A002CC82D6E00ED3F60 /* WriteBlockViewController.swift */ = {isa = PBXFileReference; lastKnownFileType = sourcecode.swift; path = WriteBlockViewController.swift; sourceTree = "<group>"; };
		029D5C842CCB754B005868B8 /* NFC App.entitlements */ = {isa = PBXFileReference; lastKnownFileType = text.plist.entitlements; path = "NFC App.entitlements"; sourceTree = "<group>"; };
		02C5180B2CB87692003EBD35 /* NFC App.app */ = {isa = PBXFileReference; explicitFileType = wrapper.application; includeInIndex = 0; path = "NFC App.app"; sourceTree = BUILT_PRODUCTS_DIR; };
		02C5180E2CB87692003EBD35 /* AppDelegate.swift */ = {isa = PBXFileReference; lastKnownFileType = sourcecode.swift; path = AppDelegate.swift; sourceTree = "<group>"; };
		02C518102CB87692003EBD35 /* SceneDelegate.swift */ = {isa = PBXFileReference; lastKnownFileType = sourcecode.swift; path = SceneDelegate.swift; sourceTree = "<group>"; };
		02C518122CB87692003EBD35 /* ViewController.swift */ = {isa = PBXFileReference; lastKnownFileType = sourcecode.swift; path = ViewController.swift; sourceTree = "<group>"; };
		02C518152CB87692003EBD35 /* Base */ = {isa = PBXFileReference; lastKnownFileType = file.storyboard; name = Base; path = Base.lproj/Main.storyboard; sourceTree = "<group>"; };
		02C518172CB87692003EBD35 /* Assets.xcassets */ = {isa = PBXFileReference; lastKnownFileType = folder.assetcatalog; path = Assets.xcassets; sourceTree = "<group>"; };
		02C5181A2CB87692003EBD35 /* Base */ = {isa = PBXFileReference; lastKnownFileType = file.storyboard; name = Base; path = Base.lproj/LaunchScreen.storyboard; sourceTree = "<group>"; };
		02C5181C2CB87692003EBD35 /* Info.plist */ = {isa = PBXFileReference; lastKnownFileType = text.plist.xml; path = Info.plist; sourceTree = "<group>"; };
		02C518212CB87693003EBD35 /* NFC AppTests.xctest */ = {isa = PBXFileReference; explicitFileType = wrapper.cfbundle; includeInIndex = 0; path = "NFC AppTests.xctest"; sourceTree = BUILT_PRODUCTS_DIR; };
		02C518252CB87693003EBD35 /* NFC_AppTests.swift */ = {isa = PBXFileReference; lastKnownFileType = sourcecode.swift; path = NFC_AppTests.swift; sourceTree = "<group>"; };
		02C5182B2CB87693003EBD35 /* NFC AppUITests.xctest */ = {isa = PBXFileReference; explicitFileType = wrapper.cfbundle; includeInIndex = 0; path = "NFC AppUITests.xctest"; sourceTree = BUILT_PRODUCTS_DIR; };
		02C5182F2CB87693003EBD35 /* NFC_AppUITests.swift */ = {isa = PBXFileReference; lastKnownFileType = sourcecode.swift; path = NFC_AppUITests.swift; sourceTree = "<group>"; };
		02C518312CB87693003EBD35 /* NFC_AppUITestsLaunchTests.swift */ = {isa = PBXFileReference; lastKnownFileType = sourcecode.swift; path = NFC_AppUITestsLaunchTests.swift; sourceTree = "<group>"; };
/* End PBXFileReference section */

/* Begin PBXFrameworksBuildPhase section */
		02C518082CB87692003EBD35 /* Frameworks */ = {
			isa = PBXFrameworksBuildPhase;
			buildActionMask = 2147483647;
			files = (
			);
			runOnlyForDeploymentPostprocessing = 0;
		};
		02C5181E2CB87693003EBD35 /* Frameworks */ = {
			isa = PBXFrameworksBuildPhase;
			buildActionMask = 2147483647;
			files = (
			);
			runOnlyForDeploymentPostprocessing = 0;
		};
		02C518282CB87693003EBD35 /* Frameworks */ = {
			isa = PBXFrameworksBuildPhase;
			buildActionMask = 2147483647;
			files = (
			);
			runOnlyForDeploymentPostprocessing = 0;
		};
/* End PBXFrameworksBuildPhase section */

/* Begin PBXGroup section */
		02C518022CB87692003EBD35 = {
			isa = PBXGroup;
			children = (
				02C5180D2CB87692003EBD35 /* NFC App */,
				02C518242CB87693003EBD35 /* NFC AppTests */,
				02C5182E2CB87693003EBD35 /* NFC AppUITests */,
				02C5180C2CB87692003EBD35 /* Products */,
			);
			sourceTree = "<group>";
		};
		02C5180C2CB87692003EBD35 /* Products */ = {
			isa = PBXGroup;
			children = (
				02C5180B2CB87692003EBD35 /* NFC App.app */,
				02C518212CB87693003EBD35 /* NFC AppTests.xctest */,
				02C5182B2CB87693003EBD35 /* NFC AppUITests.xctest */,
			);
			name = Products;
			sourceTree = "<group>";
		};
		02C5180D2CB87692003EBD35 /* NFC App */ = {
			isa = PBXGroup;
			children = (
				029D5C842CCB754B005868B8 /* NFC App.entitlements */,
				02C5180E2CB87692003EBD35 /* AppDelegate.swift */,
				02C518102CB87692003EBD35 /* SceneDelegate.swift */,
				02C518122CB87692003EBD35 /* ViewController.swift */,
				02C518142CB87692003EBD35 /* Main.storyboard */,
				021499FE2CC82D5400ED3F60 /* ReadBlockViewController.swift */,
				02149A002CC82D6E00ED3F60 /* WriteBlockViewController.swift */,
				02C518172CB87692003EBD35 /* Assets.xcassets */,
				02C518192CB87692003EBD35 /* LaunchScreen.storyboard */,
				02C5181C2CB87692003EBD35 /* Info.plist */,
			);
			path = "NFC App";
			sourceTree = "<group>";
		};
		02C518242CB87693003EBD35 /* NFC AppTests */ = {
			isa = PBXGroup;
			children = (
				02C518252CB87693003EBD35 /* NFC_AppTests.swift */,
			);
			path = "NFC AppTests";
			sourceTree = "<group>";
		};
		02C5182E2CB87693003EBD35 /* NFC AppUITests */ = {
			isa = PBXGroup;
			children = (
				02C5182F2CB87693003EBD35 /* NFC_AppUITests.swift */,
				02C518312CB87693003EBD35 /* NFC_AppUITestsLaunchTests.swift */,
			);
			path = "NFC AppUITests";
			sourceTree = "<group>";
		};
/* End PBXGroup section */

/* Begin PBXNativeTarget section */
		02C5180A2CB87692003EBD35 /* NFC App */ = {
			isa = PBXNativeTarget;
			buildConfigurationList = 02C518352CB87693003EBD35 /* Build configuration list for PBXNativeTarget "NFC App" */;
			buildPhases = (
				02C518072CB87692003EBD35 /* Sources */,
				02C518082CB87692003EBD35 /* Frameworks */,
				02C518092CB87692003EBD35 /* Resources */,
			);
			buildRules = (
			);
			dependencies = (
			);
			name = "NFC App";
			productName = "NFC App";
			productReference = 02C5180B2CB87692003EBD35 /* NFC App.app */;
			productType = "com.apple.product-type.application";
		};
		02C518202CB87693003EBD35 /* NFC AppTests */ = {
			isa = PBXNativeTarget;
			buildConfigurationList = 02C518382CB87693003EBD35 /* Build configuration list for PBXNativeTarget "NFC AppTests" */;
			buildPhases = (
				02C5181D2CB87693003EBD35 /* Sources */,
				02C5181E2CB87693003EBD35 /* Frameworks */,
				02C5181F2CB87693003EBD35 /* Resources */,
			);
			buildRules = (
			);
			dependencies = (
				02C518232CB87693003EBD35 /* PBXTargetDependency */,
			);
			name = "NFC AppTests";
			productName = "NFC AppTests";
			productReference = 02C518212CB87693003EBD35 /* NFC AppTests.xctest */;
			productType = "com.apple.product-type.bundle.unit-test";
		};
		02C5182A2CB87693003EBD35 /* NFC AppUITests */ = {
			isa = PBXNativeTarget;
			buildConfigurationList = 02C5183B2CB87693003EBD35 /* Build configuration list for PBXNativeTarget "NFC AppUITests" */;
			buildPhases = (
				02C518272CB87693003EBD35 /* Sources */,
				02C518282CB87693003EBD35 /* Frameworks */,
				02C518292CB87693003EBD35 /* Resources */,
			);
			buildRules = (
			);
			dependencies = (
				02C5182D2CB87693003EBD35 /* PBXTargetDependency */,
			);
			name = "NFC AppUITests";
			productName = "NFC AppUITests";
			productReference = 02C5182B2CB87693003EBD35 /* NFC AppUITests.xctest */;
			productType = "com.apple.product-type.bundle.ui-testing";
		};
/* End PBXNativeTarget section */

/* Begin PBXProject section */
		02C518032CB87692003EBD35 /* Project object */ = {
			isa = PBXProject;
			attributes = {
				BuildIndependentTargetsInParallel = 1;
				LastSwiftUpdateCheck = 1540;
				LastUpgradeCheck = 1540;
				TargetAttributes = {
					02C5180A2CB87692003EBD35 = {
						CreatedOnToolsVersion = 15.4;
					};
					02C518202CB87693003EBD35 = {
						CreatedOnToolsVersion = 15.4;
						TestTargetID = 02C5180A2CB87692003EBD35;
					};
					02C5182A2CB87693003EBD35 = {
						CreatedOnToolsVersion = 15.4;
						TestTargetID = 02C5180A2CB87692003EBD35;
					};
				};
			};
			buildConfigurationList = 02C518062CB87692003EBD35 /* Build configuration list for PBXProject "NFC App" */;
			compatibilityVersion = "Xcode 14.0";
			developmentRegion = en;
			hasScannedForEncodings = 0;
			knownRegions = (
				en,
				Base,
			);
			mainGroup = 02C518022CB87692003EBD35;
			productRefGroup = 02C5180C2CB87692003EBD35 /* Products */;
			projectDirPath = "";
			projectRoot = "";
			targets = (
				02C5180A2CB87692003EBD35 /* NFC App */,
				02C518202CB87693003EBD35 /* NFC AppTests */,
				02C5182A2CB87693003EBD35 /* NFC AppUITests */,
			);
		};
/* End PBXProject section */

/* Begin PBXResourcesBuildPhase section */
		02C518092CB87692003EBD35 /* Resources */ = {
			isa = PBXResourcesBuildPhase;
			buildActionMask = 2147483647;
			files = (
				02C518182CB87692003EBD35 /* Assets.xcassets in Resources */,
				02C5181B2CB87692003EBD35 /* Base in Resources */,
				02C518162CB87692003EBD35 /* Base in Resources */,
			);
			runOnlyForDeploymentPostprocessing = 0;
		};
		02C5181F2CB87693003EBD35 /* Resources */ = {
			isa = PBXResourcesBuildPhase;
			buildActionMask = 2147483647;
			files = (
			);
			runOnlyForDeploymentPostprocessing = 0;
		};
		02C518292CB87693003EBD35 /* Resources */ = {
			isa = PBXResourcesBuildPhase;
			buildActionMask = 2147483647;
			files = (
			);
			runOnlyForDeploymentPostprocessing = 0;
		};
/* End PBXResourcesBuildPhase section */

/* Begin PBXSourcesBuildPhase section */
		02C518072CB87692003EBD35 /* Sources */ = {
			isa = PBXSourcesBuildPhase;
			buildActionMask = 2147483647;
			files = (
				02C518132CB87692003EBD35 /* ViewController.swift in Sources */,
				02C5180F2CB87692003EBD35 /* AppDelegate.swift in Sources */,
				021499FF2CC82D5400ED3F60 /* ReadBlockViewController.swift in Sources */,
				02C518112CB87692003EBD35 /* SceneDelegate.swift in Sources */,
				02149A012CC82D6E00ED3F60 /* WriteBlockViewController.swift in Sources */,
			);
			runOnlyForDeploymentPostprocessing = 0;
		};
		02C5181D2CB87693003EBD35 /* Sources */ = {
			isa = PBXSourcesBuildPhase;
			buildActionMask = 2147483647;
			files = (
				02C518262CB87693003EBD35 /* NFC_AppTests.swift in Sources */,
			);
			runOnlyForDeploymentPostprocessing = 0;
		};
		02C518272CB87693003EBD35 /* Sources */ = {
			isa = PBXSourcesBuildPhase;
			buildActionMask = 2147483647;
			files = (
				02C518322CB87693003EBD35 /* NFC_AppUITestsLaunchTests.swift in Sources */,
				02C518302CB87693003EBD35 /* NFC_AppUITests.swift in Sources */,
			);
			runOnlyForDeploymentPostprocessing = 0;
		};
/* End PBXSourcesBuildPhase section */

/* Begin PBXTargetDependency section */
		02C518232CB87693003EBD35 /* PBXTargetDependency */ = {
			isa = PBXTargetDependency;
			target = 02C5180A2CB87692003EBD35 /* NFC App */;
			targetProxy = 02C518222CB87693003EBD35 /* PBXContainerItemProxy */;
		};
		02C5182D2CB87693003EBD35 /* PBXTargetDependency */ = {
			isa = PBXTargetDependency;
			target = 02C5180A2CB87692003EBD35 /* NFC App */;
			targetProxy = 02C5182C2CB87693003EBD35 /* PBXContainerItemProxy */;
		};
/* End PBXTargetDependency section */

/* Begin PBXVariantGroup section */
		02C518142CB87692003EBD35 /* Main.storyboard */ = {
			isa = PBXVariantGroup;
			children = (
				02C518152CB87692003EBD35 /* Base */,
			);
			name = Main.storyboard;
			sourceTree = "<group>";
		};
		02C518192CB87692003EBD35 /* LaunchScreen.storyboard */ = {
			isa = PBXVariantGroup;
			children = (
				02C5181A2CB87692003EBD35 /* Base */,
			);
			name = LaunchScreen.storyboard;
			sourceTree = "<group>";
		};
/* End PBXVariantGroup section */

/* Begin XCBuildConfiguration section */
		02C518332CB87693003EBD35 /* Debug */ = {
			isa = XCBuildConfiguration;
			buildSettings = {
				ALWAYS_SEARCH_USER_PATHS = NO;
				ASSETCATALOG_COMPILER_GENERATE_SWIFT_ASSET_SYMBOL_EXTENSIONS = YES;
				CLANG_ANALYZER_NONNULL = YES;
				CLANG_ANALYZER_NUMBER_OBJECT_CONVERSION = YES_AGGRESSIVE;
				CLANG_CXX_LANGUAGE_STANDARD = "gnu++20";
				CLANG_ENABLE_MODULES = YES;
				CLANG_ENABLE_OBJC_ARC = YES;
				CLANG_ENABLE_OBJC_WEAK = YES;
				CLANG_WARN_BLOCK_CAPTURE_AUTORELEASING = YES;
				CLANG_WARN_BOOL_CONVERSION = YES;
				CLANG_WARN_COMMA = YES;
				CLANG_WARN_CONSTANT_CONVERSION = YES;
				CLANG_WARN_DEPRECATED_OBJC_IMPLEMENTATIONS = YES;
				CLANG_WARN_DIRECT_OBJC_ISA_USAGE = YES_ERROR;
				CLANG_WARN_DOCUMENTATION_COMMENTS = YES;
				CLANG_WARN_EMPTY_BODY = YES;
				CLANG_WARN_ENUM_CONVERSION = YES;
				CLANG_WARN_INFINITE_RECURSION = YES;
				CLANG_WARN_INT_CONVERSION = YES;
				CLANG_WARN_NON_LITERAL_NULL_CONVERSION = YES;
				CLANG_WARN_OBJC_IMPLICIT_RETAIN_SELF = YES;
				CLANG_WARN_OBJC_LITERAL_CONVERSION = YES;
				CLANG_WARN_OBJC_ROOT_CLASS = YES_ERROR;
				CLANG_WARN_QUOTED_INCLUDE_IN_FRAMEWORK_HEADER = YES;
				CLANG_WARN_RANGE_LOOP_ANALYSIS = YES;
				CLANG_WARN_STRICT_PROTOTYPES = YES;
				CLANG_WARN_SUSPICIOUS_MOVE = YES;
				CLANG_WARN_UNGUARDED_AVAILABILITY = YES_AGGRESSIVE;
				CLANG_WARN_UNREACHABLE_CODE = YES;
				CLANG_WARN__DUPLICATE_METHOD_MATCH = YES;
				COPY_PHASE_STRIP = NO;
				DEBUG_INFORMATION_FORMAT = dwarf;
				ENABLE_STRICT_OBJC_MSGSEND = YES;
				ENABLE_TESTABILITY = YES;
				ENABLE_USER_SCRIPT_SANDBOXING = YES;
				GCC_C_LANGUAGE_STANDARD = gnu17;
				GCC_DYNAMIC_NO_PIC = NO;
				GCC_NO_COMMON_BLOCKS = YES;
				GCC_OPTIMIZATION_LEVEL = 0;
				GCC_PREPROCESSOR_DEFINITIONS = (
					"DEBUG=1",
					"$(inherited)",
				);
				GCC_WARN_64_TO_32_BIT_CONVERSION = YES;
				GCC_WARN_ABOUT_RETURN_TYPE = YES_ERROR;
				GCC_WARN_UNDECLARED_SELECTOR = YES;
				GCC_WARN_UNINITIALIZED_AUTOS = YES_AGGRESSIVE;
				GCC_WARN_UNUSED_FUNCTION = YES;
				GCC_WARN_UNUSED_VARIABLE = YES;
				IPHONEOS_DEPLOYMENT_TARGET = 17.5;
				LOCALIZATION_PREFERS_STRING_CATALOGS = YES;
				MTL_ENABLE_DEBUG_INFO = INCLUDE_SOURCE;
				MTL_FAST_MATH = YES;
				ONLY_ACTIVE_ARCH = YES;
				SDKROOT = iphoneos;
				SWIFT_ACTIVE_COMPILATION_CONDITIONS = "DEBUG $(inherited)";
				SWIFT_OPTIMIZATION_LEVEL = "-Onone";
			};
			name = Debug;
		};
		02C518342CB87693003EBD35 /* Release */ = {
			isa = XCBuildConfiguration;
			buildSettings = {
				ALWAYS_SEARCH_USER_PATHS = NO;
				ASSETCATALOG_COMPILER_GENERATE_SWIFT_ASSET_SYMBOL_EXTENSIONS = YES;
				CLANG_ANALYZER_NONNULL = YES;
				CLANG_ANALYZER_NUMBER_OBJECT_CONVERSION = YES_AGGRESSIVE;
				CLANG_CXX_LANGUAGE_STANDARD = "gnu++20";
				CLANG_ENABLE_MODULES = YES;
				CLANG_ENABLE_OBJC_ARC = YES;
				CLANG_ENABLE_OBJC_WEAK = YES;
				CLANG_WARN_BLOCK_CAPTURE_AUTORELEASING = YES;
				CLANG_WARN_BOOL_CONVERSION = YES;
				CLANG_WARN_COMMA = YES;
				CLANG_WARN_CONSTANT_CONVERSION = YES;
				CLANG_WARN_DEPRECATED_OBJC_IMPLEMENTATIONS = YES;
				CLANG_WARN_DIRECT_OBJC_ISA_USAGE = YES_ERROR;
				CLANG_WARN_DOCUMENTATION_COMMENTS = YES;
				CLANG_WARN_EMPTY_BODY = YES;
				CLANG_WARN_ENUM_CONVERSION = YES;
				CLANG_WARN_INFINITE_RECURSION = YES;
				CLANG_WARN_INT_CONVERSION = YES;
				CLANG_WARN_NON_LITERAL_NULL_CONVERSION = YES;
				CLANG_WARN_OBJC_IMPLICIT_RETAIN_SELF = YES;
				CLANG_WARN_OBJC_LITERAL_CONVERSION = YES;
				CLANG_WARN_OBJC_ROOT_CLASS = YES_ERROR;
				CLANG_WARN_QUOTED_INCLUDE_IN_FRAMEWORK_HEADER = YES;
				CLANG_WARN_RANGE_LOOP_ANALYSIS = YES;
				CLANG_WARN_STRICT_PROTOTYPES = YES;
				CLANG_WARN_SUSPICIOUS_MOVE = YES;
				CLANG_WARN_UNGUARDED_AVAILABILITY = YES_AGGRESSIVE;
				CLANG_WARN_UNREACHABLE_CODE = YES;
				CLANG_WARN__DUPLICATE_METHOD_MATCH = YES;
				COPY_PHASE_STRIP = NO;
				DEBUG_INFORMATION_FORMAT = "dwarf-with-dsym";
				ENABLE_NS_ASSERTIONS = NO;
				ENABLE_STRICT_OBJC_MSGSEND = YES;
				ENABLE_USER_SCRIPT_SANDBOXING = YES;
				GCC_C_LANGUAGE_STANDARD = gnu17;
				GCC_NO_COMMON_BLOCKS = YES;
				GCC_WARN_64_TO_32_BIT_CONVERSION = YES;
				GCC_WARN_ABOUT_RETURN_TYPE = YES_ERROR;
				GCC_WARN_UNDECLARED_SELECTOR = YES;
				GCC_WARN_UNINITIALIZED_AUTOS = YES_AGGRESSIVE;
				GCC_WARN_UNUSED_FUNCTION = YES;
				GCC_WARN_UNUSED_VARIABLE = YES;
				IPHONEOS_DEPLOYMENT_TARGET = 17.5;
				LOCALIZATION_PREFERS_STRING_CATALOGS = YES;
				MTL_ENABLE_DEBUG_INFO = NO;
				MTL_FAST_MATH = YES;
				SDKROOT = iphoneos;
				SWIFT_COMPILATION_MODE = wholemodule;
				VALIDATE_PRODUCT = YES;
			};
			name = Release;
		};
		02C518362CB87693003EBD35 /* Debug */ = {
			isa = XCBuildConfiguration;
			buildSettings = {
				ASSETCATALOG_COMPILER_APPICON_NAME = AppIcon;
				ASSETCATALOG_COMPILER_GLOBAL_ACCENT_COLOR_NAME = AccentColor;
				CODE_SIGN_ENTITLEMENTS = "NFC App/NFC App.entitlements";
				CODE_SIGN_STYLE = Automatic;
				CURRENT_PROJECT_VERSION = 1;
				DEVELOPMENT_TEAM = 9R85Q3F3J6;
				GENERATE_INFOPLIST_FILE = YES;
				INFOPLIST_FILE = "NFC App/Info.plist";
				INFOPLIST_KEY_UIApplicationSupportsIndirectInputEvents = YES;
				INFOPLIST_KEY_UILaunchStoryboardName = LaunchScreen;
				INFOPLIST_KEY_UIMainStoryboardFile = Main;
				INFOPLIST_KEY_UISupportedInterfaceOrientations_iPad = "UIInterfaceOrientationPortrait UIInterfaceOrientationPortraitUpsideDown UIInterfaceOrientationLandscapeLeft UIInterfaceOrientationLandscapeRight";
				INFOPLIST_KEY_UISupportedInterfaceOrientations_iPhone = "UIInterfaceOrientationPortrait UIInterfaceOrientationLandscapeLeft UIInterfaceOrientationLandscapeRight";
				LD_RUNPATH_SEARCH_PATHS = (
					"$(inherited)",
					"@executable_path/Frameworks",
				);
				MARKETING_VERSION = 1.0;
				PRODUCT_BUNDLE_IDENTIFIER = "com.aditya.NFC-App";
				PRODUCT_NAME = "$(TARGET_NAME)";
				SWIFT_EMIT_LOC_STRINGS = YES;
				SWIFT_VERSION = 5.0;
				TARGETED_DEVICE_FAMILY = "1,2";
			};
			name = Debug;
		};
		02C518372CB87693003EBD35 /* Release */ = {
			isa = XCBuildConfiguration;
			buildSettings = {
				ASSETCATALOG_COMPILER_APPICON_NAME = AppIcon;
				ASSETCATALOG_COMPILER_GLOBAL_ACCENT_COLOR_NAME = AccentColor;
				CODE_SIGN_ENTITLEMENTS = "NFC App/NFC App.entitlements";
				CODE_SIGN_STYLE = Automatic;
				CURRENT_PROJECT_VERSION = 1;
				DEVELOPMENT_TEAM = 9R85Q3F3J6;
				GENERATE_INFOPLIST_FILE = YES;
				INFOPLIST_FILE = "NFC App/Info.plist";
				INFOPLIST_KEY_UIApplicationSupportsIndirectInputEvents = YES;
				INFOPLIST_KEY_UILaunchStoryboardName = LaunchScreen;
				INFOPLIST_KEY_UIMainStoryboardFile = Main;
				INFOPLIST_KEY_UISupportedInterfaceOrientations_iPad = "UIInterfaceOrientationPortrait UIInterfaceOrientationPortraitUpsideDown UIInterfaceOrientationLandscapeLeft UIInterfaceOrientationLandscapeRight";
				INFOPLIST_KEY_UISupportedInterfaceOrientations_iPhone = "UIInterfaceOrientationPortrait UIInterfaceOrientationLandscapeLeft UIInterfaceOrientationLandscapeRight";
				LD_RUNPATH_SEARCH_PATHS = (
					"$(inherited)",
					"@executable_path/Frameworks",
				);
				MARKETING_VERSION = 1.0;
				PRODUCT_BUNDLE_IDENTIFIER = "com.aditya.NFC-App";
				PRODUCT_NAME = "$(TARGET_NAME)";
				SWIFT_EMIT_LOC_STRINGS = YES;
				SWIFT_VERSION = 5.0;
				TARGETED_DEVICE_FAMILY = "1,2";
			};
			name = Release;
		};
		02C518392CB87693003EBD35 /* Debug */ = {
			isa = XCBuildConfiguration;
			buildSettings = {
				ALWAYS_EMBED_SWIFT_STANDARD_LIBRARIES = YES;
				BUNDLE_LOADER = "$(TEST_HOST)";
				CODE_SIGN_STYLE = Automatic;
				CURRENT_PROJECT_VERSION = 1;
				DEVELOPMENT_TEAM = 9R85Q3F3J6;
				GENERATE_INFOPLIST_FILE = YES;
				IPHONEOS_DEPLOYMENT_TARGET = 17.5;
				MARKETING_VERSION = 1.0;
				PRODUCT_BUNDLE_IDENTIFIER = "com.aditya.NFC-AppTests";
				PRODUCT_NAME = "$(TARGET_NAME)";
				SWIFT_EMIT_LOC_STRINGS = NO;
				SWIFT_VERSION = 5.0;
				TARGETED_DEVICE_FAMILY = "1,2";
				TEST_HOST = "$(BUILT_PRODUCTS_DIR)/NFC App.app/$(BUNDLE_EXECUTABLE_FOLDER_PATH)/NFC App";
			};
			name = Debug;
		};
		02C5183A2CB87693003EBD35 /* Release */ = {
			isa = XCBuildConfiguration;
			buildSettings = {
				ALWAYS_EMBED_SWIFT_STANDARD_LIBRARIES = YES;
				BUNDLE_LOADER = "$(TEST_HOST)";
				CODE_SIGN_STYLE = Automatic;
				CURRENT_PROJECT_VERSION = 1;
				DEVELOPMENT_TEAM = 9R85Q3F3J6;
				GENERATE_INFOPLIST_FILE = YES;
				IPHONEOS_DEPLOYMENT_TARGET = 17.5;
				MARKETING_VERSION = 1.0;
				PRODUCT_BUNDLE_IDENTIFIER = "com.aditya.NFC-AppTests";
				PRODUCT_NAME = "$(TARGET_NAME)";
				SWIFT_EMIT_LOC_STRINGS = NO;
				SWIFT_VERSION = 5.0;
				TARGETED_DEVICE_FAMILY = "1,2";
				TEST_HOST = "$(BUILT_PRODUCTS_DIR)/NFC App.app/$(BUNDLE_EXECUTABLE_FOLDER_PATH)/NFC App";
			};
			name = Release;
		};
		02C5183C2CB87693003EBD35 /* Debug */ = {
			isa = XCBuildConfiguration;
			buildSettings = {
				ALWAYS_EMBED_SWIFT_STANDARD_LIBRARIES = YES;
				CODE_SIGN_STYLE = Automatic;
				CURRENT_PROJECT_VERSION = 1;
				DEVELOPMENT_TEAM = 9R85Q3F3J6;
				GENERATE_INFOPLIST_FILE = YES;
				MARKETING_VERSION = 1.0;
				PRODUCT_BUNDLE_IDENTIFIER = "com.aditya.NFC-AppUITests";
				PRODUCT_NAME = "$(TARGET_NAME)";
				SWIFT_EMIT_LOC_STRINGS = NO;
				SWIFT_VERSION = 5.0;
				TARGETED_DEVICE_FAMILY = "1,2";
				TEST_TARGET_NAME = "NFC App";
			};
			name = Debug;
		};
		02C5183D2CB87693003EBD35 /* Release */ = {
			isa = XCBuildConfiguration;
			buildSettings = {
				ALWAYS_EMBED_SWIFT_STANDARD_LIBRARIES = YES;
				CODE_SIGN_STYLE = Automatic;
				CURRENT_PROJECT_VERSION = 1;
				DEVELOPMENT_TEAM = 9R85Q3F3J6;
				GENERATE_INFOPLIST_FILE = YES;
				MARKETING_VERSION = 1.0;
				PRODUCT_BUNDLE_IDENTIFIER = "com.aditya.NFC-AppUITests";
				PRODUCT_NAME = "$(TARGET_NAME)";
				SWIFT_EMIT_LOC_STRINGS = NO;
				SWIFT_VERSION = 5.0;
				TARGETED_DEVICE_FAMILY = "1,2";
				TEST_TARGET_NAME = "NFC App";
			};
			name = Release;
		};
/* End XCBuildConfiguration section */

/* Begin XCConfigurationList section */
		02C518062CB87692003EBD35 /* Build configuration list for PBXProject "NFC App" */ = {
			isa = XCConfigurationList;
			buildConfigurations = (
				02C518332CB87693003EBD35 /* Debug */,
				02C518342CB87693003EBD35 /* Release */,
			);
			defaultConfigurationIsVisible = 0;
			defaultConfigurationName = Release;
		};
		02C518352CB87693003EBD35 /* Build configuration list for PBXNativeTarget "NFC App" */ = {
			isa = XCConfigurationList;
			buildConfigurations = (
				02C518362CB87693003EBD35 /* Debug */,
				02C518372CB87693003EBD35 /* Release */,
			);
			defaultConfigurationIsVisible = 0;
			defaultConfigurationName = Release;
		};
		02C518382CB87693003EBD35 /* Build configuration list for PBXNativeTarget "NFC AppTests" */ = {
			isa = XCConfigurationList;
			buildConfigurations = (
				02C518392CB87693003EBD35 /* Debug */,
				02C5183A2CB87693003EBD35 /* Release */,
			);
			defaultConfigurationIsVisible = 0;
			defaultConfigurationName = Release;
		};
		02C5183B2CB87693003EBD35 /* Build configuration list for PBXNativeTarget "NFC AppUITests" */ = {
			isa = XCConfigurationList;
			buildConfigurations = (
				02C5183C2CB87693003EBD35 /* Debug */,
				02C5183D2CB87693003EBD35 /* Release */,
			);
			defaultConfigurationIsVisible = 0;
			defaultConfigurationName = Release;
		};
/* End XCConfigurationList section */
	};
	rootObject = 02C518032CB87692003EBD35 /* Project object */;
}
